// !$*UTF8*$!
{
	archiveVersion = 1;
	classes = {
	};
	objectVersion = 46;
	objects = {

/* Begin PBXBuildFile section */
		15EF15AA1D4D83AD00A1E92C /* C8-3.c in Sources */ = {isa = PBXBuildFile; fileRef = 15EF15A91D4D83AD00A1E92C /* C8-3.c */; };
/* End PBXBuildFile section */

/* Begin PBXCopyFilesBuildPhase section */
		156C6B381D1F4DF600D00711 /* CopyFiles */ = {
			isa = PBXCopyFilesBuildPhase;
			buildActionMask = 2147483647;
			dstPath = /usr/share/man/man1/;
			dstSubfolderSpec = 0;
			files = (
			);
			runOnlyForDeploymentPostprocessing = 1;
		};
/* End PBXCopyFilesBuildPhase section */

/* Begin PBXFileReference section */
		150767721D49999900AF05C4 /* C4-2-2-f.c */ = {isa = PBXFileReference; fileEncoding = 4; lastKnownFileType = sourcecode.c.c; path = "C4-2-2-f.c"; sourceTree = "<group>"; };
		150E28721D2DED4300B927DF /* C5-TEST.c */ = {isa = PBXFileReference; fileEncoding = 4; lastKnownFileType = sourcecode.c.c; path = "C5-TEST.c"; sourceTree = "<group>"; };
		150E28751D2DFBCF00B927DF /* C6-init_test.c */ = {isa = PBXFileReference; fileEncoding = 4; lastKnownFileType = sourcecode.c.c; name = "C6-init_test.c"; path = "../C6.x/C6-init_test.c"; sourceTree = "<group>"; };
		152192EE1D4A319F00D2986C /* C7-1.c */ = {isa = PBXFileReference; fileEncoding = 4; lastKnownFileType = sourcecode.c.c; path = "C7-1.c"; sourceTree = "<group>"; };
		15355BDA1D2F989D005EF3AA /* C6-1.c */ = {isa = PBXFileReference; fileEncoding = 4; lastKnownFileType = sourcecode.c.c; path = "C6-1.c"; sourceTree = "<group>"; };
		1569624A1D3F17C900C928CD /* C6.c */ = {isa = PBXFileReference; fileEncoding = 4; lastKnownFileType = sourcecode.c.c; path = C6.c; sourceTree = "<group>"; };
		156C6B3A1D1F4DF600D00711 /* C-X_NEW */ = {isa = PBXFileReference; explicitFileType = "compiled.mach-o.executable"; includeInIndex = 0; path = "C-X_NEW"; sourceTree = BUILT_PRODUCTS_DIR; };
		156C6B6C1D1F4FDA00D00711 /* C3-2-2.c */ = {isa = PBXFileReference; lastKnownFileType = sourcecode.c.c; path = "C3-2-2.c"; sourceTree = "<group>"; };
		156C6B6D1D1F4FDA00D00711 /* C3-2-3.c */ = {isa = PBXFileReference; lastKnownFileType = sourcecode.c.c; path = "C3-2-3.c"; sourceTree = "<group>"; };
		156C6B6E1D1F4FDA00D00711 /* C3-2-4.c */ = {isa = PBXFileReference; lastKnownFileType = sourcecode.c.c; path = "C3-2-4.c"; sourceTree = "<group>"; };
		156C6B6F1D1F4FEB00D00711 /* C4-1-1.c */ = {isa = PBXFileReference; lastKnownFileType = sourcecode.c.c; path = "C4-1-1.c"; sourceTree = "<group>"; };
		156C6B701D1F4FEB00D00711 /* C4-1-3.c */ = {isa = PBXFileReference; lastKnownFileType = sourcecode.c.c; path = "C4-1-3.c"; sourceTree = "<group>"; };
		156C6B711D1F4FEB00D00711 /* C4-2-1.c */ = {isa = PBXFileReference; lastKnownFileType = sourcecode.c.c; path = "C4-2-1.c"; sourceTree = "<group>"; };
		156C6B721D1F4FEB00D00711 /* C4-2-2.c */ = {isa = PBXFileReference; lastKnownFileType = sourcecode.c.c; path = "C4-2-2.c"; sourceTree = "<group>"; };
		156C6B731D1F4FEB00D00711 /* C4-2-2.h */ = {isa = PBXFileReference; lastKnownFileType = sourcecode.c.h; path = "C4-2-2.h"; sourceTree = "<group>"; };
		156C6B741D1F4FEB00D00711 /* C4-2-3.c */ = {isa = PBXFileReference; lastKnownFileType = sourcecode.c.c; path = "C4-2-3.c"; sourceTree = "<group>"; };
		156C6B751D1F4FEB00D00711 /* C4-2-4.c */ = {isa = PBXFileReference; lastKnownFileType = sourcecode.c.c; path = "C4-2-4.c"; sourceTree = "<group>"; };
		156C6B7F1D1F503600D00711 /* C5-1-1.c */ = {isa = PBXFileReference; lastKnownFileType = sourcecode.c.c; path = "C5-1-1.c"; sourceTree = "<group>"; };
		156C6B801D1F503600D00711 /* C5-2-1.c */ = {isa = PBXFileReference; lastKnownFileType = sourcecode.c.c; path = "C5-2-1.c"; sourceTree = "<group>"; };
		156C6B811D1F503600D00711 /* C5-2-2.c */ = {isa = PBXFileReference; lastKnownFileType = sourcecode.c.c; path = "C5-2-2.c"; sourceTree = "<group>"; };
		156C6B821D1F503600D00711 /* C5-2-3.c */ = {isa = PBXFileReference; lastKnownFileType = sourcecode.c.c; path = "C5-2-3.c"; sourceTree = "<group>"; };
		156C6B831D1F503600D00711 /* C5-3-1.c */ = {isa = PBXFileReference; lastKnownFileType = sourcecode.c.c; path = "C5-3-1.c"; sourceTree = "<group>"; };
		156C6B841D1F503600D00711 /* C5-3-2.c */ = {isa = PBXFileReference; lastKnownFileType = sourcecode.c.c; path = "C5-3-2.c"; sourceTree = "<group>"; };
		156C6B851D1F503600D00711 /* C5-3-3_new.c */ = {isa = PBXFileReference; lastKnownFileType = sourcecode.c.c; path = "C5-3-3_new.c"; sourceTree = "<group>"; };
		156C6B861D1F503600D00711 /* C5-3-3.c */ = {isa = PBXFileReference; lastKnownFileType = sourcecode.c.c; path = "C5-3-3.c"; sourceTree = "<group>"; };
		156C6B871D1F503600D00711 /* C5-Test.c */ = {isa = PBXFileReference; lastKnownFileType = sourcecode.c.c; path = "C5-Test.c"; sourceTree = "<group>"; };
		156C6B881D1F505A00D00711 /* README.md */ = {isa = PBXFileReference; fileEncoding = 4; lastKnownFileType = net.daringfireball.markdown; path = README.md; sourceTree = "<group>"; };
		15CB66BF1D5B4682008D4CC3 /* C8-4.c */ = {isa = PBXFileReference; fileEncoding = 4; lastKnownFileType = sourcecode.c.c; path = "C8-4.c"; sourceTree = "<group>"; };
		15EB10A71D1F963700772D05 /* Calculator.c */ = {isa = PBXFileReference; fileEncoding = 4; lastKnownFileType = sourcecode.c.c; path = Calculator.c; sourceTree = "<group>"; };
		15EB10AA1D1F9B1D00772D05 /* 2048.c */ = {isa = PBXFileReference; fileEncoding = 4; lastKnownFileType = sourcecode.c.c; path = 2048.c; sourceTree = "<group>"; };
		15EB10AD1D1FA07700772D05 /* README.md */ = {isa = PBXFileReference; explicitFileType = net.daringfireball.markdown; path = README.md; sourceTree = "<group>"; };
		15EF15A51D4CF0BC00A1E92C /* C8-1.c */ = {isa = PBXFileReference; fileEncoding = 4; lastKnownFileType = sourcecode.c.c; path = "C8-1.c"; sourceTree = "<group>"; };
		15EF15A71D4D71A000A1E92C /* C8-2.c */ = {isa = PBXFileReference; fileEncoding = 4; lastKnownFileType = sourcecode.c.c; path = "C8-2.c"; sourceTree = "<group>"; };
		15EF15A91D4D83AD00A1E92C /* C8-3.c */ = {isa = PBXFileReference; fileEncoding = 4; lastKnownFileType = sourcecode.c.c; path = "C8-3.c"; sourceTree = "<group>"; };
		15FD742B1D3DEAE0008E83AD /* C6-2-1.c */ = {isa = PBXFileReference; fileEncoding = 4; lastKnownFileType = sourcecode.c.c; path = "C6-2-1.c"; sourceTree = "<group>"; };
		15FD742D1D3DF6CB008E83AD /* C6-2-2.c */ = {isa = PBXFileReference; fileEncoding = 4; lastKnownFileType = sourcecode.c.c; path = "C6-2-2.c"; sourceTree = "<group>"; };
/* End PBXFileReference section */

/* Begin PBXFrameworksBuildPhase section */
		156C6B371D1F4DF600D00711 /* Frameworks */ = {
			isa = PBXFrameworksBuildPhase;
			buildActionMask = 2147483647;
			files = (
			);
			runOnlyForDeploymentPostprocessing = 0;
		};
/* End PBXFrameworksBuildPhase section */

/* Begin PBXGroup section */
		150E28701D2DEBF700B927DF /* MOOC */ = {
			isa = PBXGroup;
			children = (
				150E28711D2DECCB00B927DF /* C5.x */,
				150E28741D2DF3B900B927DF /* C6.x */,
				152192ED1D4A315300D2986C /* C7.x */,
				15EF15A41D4CF03000A1E92C /* C8.x */,
			);
			path = MOOC;
			sourceTree = "<group>";
		};
		150E28711D2DECCB00B927DF /* C5.x */ = {
			isa = PBXGroup;
			children = (
				150E28721D2DED4300B927DF /* C5-TEST.c */,
			);
			path = C5.x;
			sourceTree = "<group>";
		};
		150E28741D2DF3B900B927DF /* C6.x */ = {
			isa = PBXGroup;
			children = (
				15355BDA1D2F989D005EF3AA /* C6-1.c */,
				15FD742B1D3DEAE0008E83AD /* C6-2-1.c */,
				15FD742D1D3DF6CB008E83AD /* C6-2-2.c */,
				1569624A1D3F17C900C928CD /* C6.c */,
			);
			path = C6.x;
			sourceTree = "<group>";
		};
		152192ED1D4A315300D2986C /* C7.x */ = {
			isa = PBXGroup;
			children = (
				150E28751D2DFBCF00B927DF /* C6-init_test.c */,
				152192EE1D4A319F00D2986C /* C7-1.c */,
			);
			path = C7.x;
			sourceTree = "<group>";
		};
		156C6B311D1F4DF600D00711 = {
			isa = PBXGroup;
			children = (
				156C6B881D1F505A00D00711 /* README.md */,
				156C6B3B1D1F4DF600D00711 /* Products */,
				156C6B3C1D1F4DF600D00711 /* C3.x */,
				156C6B4A1D1F4ED400D00711 /* C4.x */,
				156C6B581D1F4F2400D00711 /* C5.x */,
				156C6B6B1D1F4F5100D00711 /* C6.x */,
				150E28701D2DEBF700B927DF /* MOOC */,
				15EB10A61D1F95FE00772D05 /* Other */,
			);
			sourceTree = "<group>";
		};
		156C6B3B1D1F4DF600D00711 /* Products */ = {
			isa = PBXGroup;
			children = (
				156C6B3A1D1F4DF600D00711 /* C-X_NEW */,
			);
			name = Products;
			sourceTree = "<group>";
		};
		156C6B3C1D1F4DF600D00711 /* C3.x */ = {
			isa = PBXGroup;
			children = (
				156C6B6C1D1F4FDA00D00711 /* C3-2-2.c */,
				156C6B6D1D1F4FDA00D00711 /* C3-2-3.c */,
				156C6B6E1D1F4FDA00D00711 /* C3-2-4.c */,
			);
			path = C3.x;
			sourceTree = "<group>";
		};
		156C6B4A1D1F4ED400D00711 /* C4.x */ = {
			isa = PBXGroup;
			children = (
				156C6B6F1D1F4FEB00D00711 /* C4-1-1.c */,
				156C6B701D1F4FEB00D00711 /* C4-1-3.c */,
				156C6B711D1F4FEB00D00711 /* C4-2-1.c */,
				156C6B721D1F4FEB00D00711 /* C4-2-2.c */,
				150767721D49999900AF05C4 /* C4-2-2-f.c */,
				156C6B731D1F4FEB00D00711 /* C4-2-2.h */,
				156C6B741D1F4FEB00D00711 /* C4-2-3.c */,
				156C6B751D1F4FEB00D00711 /* C4-2-4.c */,
			);
			path = C4.x;
			sourceTree = "<group>";
		};
		156C6B581D1F4F2400D00711 /* C5.x */ = {
			isa = PBXGroup;
			children = (
				156C6B7F1D1F503600D00711 /* C5-1-1.c */,
				156C6B801D1F503600D00711 /* C5-2-1.c */,
				156C6B811D1F503600D00711 /* C5-2-2.c */,
				156C6B821D1F503600D00711 /* C5-2-3.c */,
				156C6B831D1F503600D00711 /* C5-3-1.c */,
				156C6B841D1F503600D00711 /* C5-3-2.c */,
				156C6B851D1F503600D00711 /* C5-3-3_new.c */,
				156C6B861D1F503600D00711 /* C5-3-3.c */,
				156C6B871D1F503600D00711 /* C5-Test.c */,
			);
			path = C5.x;
			sourceTree = "<group>";
		};
		156C6B6B1D1F4F5100D00711 /* C6.x */ = {
			isa = PBXGroup;
			children = (
			);
			path = C6.x;
			sourceTree = "<group>";
		};
		15EB10A61D1F95FE00772D05 /* Other */ = {
			isa = PBXGroup;
			children = (
				15EB10AD1D1FA07700772D05 /* README.md */,
				15EB10A71D1F963700772D05 /* Calculator.c */,
				15EB10AA1D1F9B1D00772D05 /* 2048.c */,
			);
			path = Other;
			sourceTree = "<group>";
		};
		15EF15A41D4CF03000A1E92C /* C8.x */ = {
			isa = PBXGroup;
			children = (
				15EF15A51D4CF0BC00A1E92C /* C8-1.c */,
				15EF15A71D4D71A000A1E92C /* C8-2.c */,
				15EF15A91D4D83AD00A1E92C /* C8-3.c */,
				15CB66BF1D5B4682008D4CC3 /* C8-4.c */,
			);
			path = C8.x;
			sourceTree = "<group>";
		};
/* End PBXGroup section */

/* Begin PBXNativeTarget section */
		156C6B391D1F4DF600D00711 /* C-X_NEW */ = {
			isa = PBXNativeTarget;
			buildConfigurationList = 156C6B411D1F4DF600D00711 /* Build configuration list for PBXNativeTarget "C-X_NEW" */;
			buildPhases = (
				156C6B361D1F4DF600D00711 /* Sources */,
				156C6B371D1F4DF600D00711 /* Frameworks */,
				156C6B381D1F4DF600D00711 /* CopyFiles */,
			);
			buildRules = (
			);
			dependencies = (
			);
			name = "C-X_NEW";
			productName = "C-X_NEW";
			productReference = 156C6B3A1D1F4DF600D00711 /* C-X_NEW */;
			productType = "com.apple.product-type.tool";
		};
/* End PBXNativeTarget section */

/* Begin PBXProject section */
		156C6B321D1F4DF600D00711 /* Project object */ = {
			isa = PBXProject;
			attributes = {
				LastUpgradeCheck = 0800;
				ORGANIZATIONNAME = BBN;
				TargetAttributes = {
					156C6B391D1F4DF600D00711 = {
						CreatedOnToolsVersion = 8.0;
						DevelopmentTeam = 76FF489E5X;
						DevelopmentTeamName = "泺帆 陈 (Personal Team)";
						ProvisioningStyle = Automatic;
					};
				};
			};
			buildConfigurationList = 156C6B351D1F4DF600D00711 /* Build configuration list for PBXProject "C-X_NEW" */;
			compatibilityVersion = "Xcode 3.2";
			developmentRegion = English;
			hasScannedForEncodings = 0;
			knownRegions = (
				en,
			);
			mainGroup = 156C6B311D1F4DF600D00711;
			productRefGroup = 156C6B3B1D1F4DF600D00711 /* Products */;
			projectDirPath = "";
			projectRoot = "";
			targets = (
				156C6B391D1F4DF600D00711 /* C-X_NEW */,
			);
		};
/* End PBXProject section */

/* Begin PBXSourcesBuildPhase section */
		156C6B361D1F4DF600D00711 /* Sources */ = {
			isa = PBXSourcesBuildPhase;
			buildActionMask = 2147483647;
			files = (
				15EF15AA1D4D83AD00A1E92C /* C8-3.c in Sources */,
			);
			runOnlyForDeploymentPostprocessing = 0;
		};
/* End PBXSourcesBuildPhase section */

/* Begin XCBuildConfiguration section */
		156C6B3F1D1F4DF600D00711 /* Debug */ = {
			isa = XCBuildConfiguration;
			buildSettings = {
				ALWAYS_SEARCH_USER_PATHS = NO;
				CLANG_ANALYZER_NONNULL = YES;
				CLANG_CXX_LANGUAGE_STANDARD = "gnu++0x";
				CLANG_CXX_LIBRARY = "libc++";
				CLANG_ENABLE_MODULES = YES;
				CLANG_ENABLE_OBJC_ARC = YES;
				CLANG_WARN_BOOL_CONVERSION = YES;
				CLANG_WARN_CONSTANT_CONVERSION = YES;
				CLANG_WARN_DIRECT_OBJC_ISA_USAGE = YES_ERROR;
				CLANG_WARN_DOCUMENTATION_COMMENTS = YES;
				CLANG_WARN_EMPTY_BODY = YES;
				CLANG_WARN_ENUM_CONVERSION = YES;
				CLANG_WARN_INT_CONVERSION = YES;
				CLANG_WARN_OBJC_ROOT_CLASS = YES_ERROR;
				CLANG_WARN_UNREACHABLE_CODE = YES;
				CLANG_WARN__DUPLICATE_METHOD_MATCH = YES;
				CODE_SIGN_IDENTITY = "-";
				COPY_PHASE_STRIP = NO;
				DEBUG_INFORMATION_FORMAT = dwarf;
				ENABLE_STRICT_OBJC_MSGSEND = YES;
				ENABLE_TESTABILITY = YES;
				GCC_C_LANGUAGE_STANDARD = gnu99;
				GCC_DYNAMIC_NO_PIC = NO;
				GCC_NO_COMMON_BLOCKS = YES;
				GCC_OPTIMIZATION_LEVEL = 0;
				GCC_PREPROCESSOR_DEFINITIONS = (
					"DEBUG=1",
					"$(inherited)",
				);
				GCC_WARN_64_TO_32_BIT_CONVERSION = YES;
				GCC_WARN_ABOUT_RETURN_TYPE = YES_ERROR;
				GCC_WARN_UNDECLARED_SELECTOR = YES;
				GCC_WARN_UNINITIALIZED_AUTOS = YES_AGGRESSIVE;
				GCC_WARN_UNUSED_FUNCTION = YES;
				GCC_WARN_UNUSED_VARIABLE = YES;
				MACOSX_DEPLOYMENT_TARGET = 10.11;
				MTL_ENABLE_DEBUG_INFO = YES;
				ONLY_ACTIVE_ARCH = YES;
				SDKROOT = macosx;
			};
			name = Debug;
		};
		156C6B401D1F4DF600D00711 /* Release */ = {
			isa = XCBuildConfiguration;
			buildSettings = {
				ALWAYS_SEARCH_USER_PATHS = NO;
				CLANG_ANALYZER_NONNULL = YES;
				CLANG_CXX_LANGUAGE_STANDARD = "gnu++0x";
				CLANG_CXX_LIBRARY = "libc++";
				CLANG_ENABLE_MODULES = YES;
				CLANG_ENABLE_OBJC_ARC = YES;
				CLANG_WARN_BOOL_CONVERSION = YES;
				CLANG_WARN_CONSTANT_CONVERSION = YES;
				CLANG_WARN_DIRECT_OBJC_ISA_USAGE = YES_ERROR;
				CLANG_WARN_DOCUMENTATION_COMMENTS = YES;
				CLANG_WARN_EMPTY_BODY = YES;
				CLANG_WARN_ENUM_CONVERSION = YES;
				CLANG_WARN_INT_CONVERSION = YES;
				CLANG_WARN_OBJC_ROOT_CLASS = YES_ERROR;
				CLANG_WARN_UNREACHABLE_CODE = YES;
				CLANG_WARN__DUPLICATE_METHOD_MATCH = YES;
				CODE_SIGN_IDENTITY = "-";
				COPY_PHASE_STRIP = NO;
				DEBUG_INFORMATION_FORMAT = "dwarf-with-dsym";
				ENABLE_NS_ASSERTIONS = NO;
				ENABLE_STRICT_OBJC_MSGSEND = YES;
				GCC_C_LANGUAGE_STANDARD = gnu99;
				GCC_NO_COMMON_BLOCKS = YES;
				GCC_WARN_64_TO_32_BIT_CONVERSION = YES;
				GCC_WARN_ABOUT_RETURN_TYPE = YES_ERROR;
				GCC_WARN_UNDECLARED_SELECTOR = YES;
				GCC_WARN_UNINITIALIZED_AUTOS = YES_AGGRESSIVE;
				GCC_WARN_UNUSED_FUNCTION = YES;
				GCC_WARN_UNUSED_VARIABLE = YES;
				MACOSX_DEPLOYMENT_TARGET = 10.11;
				MTL_ENABLE_DEBUG_INFO = NO;
				SDKROOT = macosx;
			};
			name = Release;
		};
		156C6B421D1F4DF600D00711 /* Debug */ = {
			isa = XCBuildConfiguration;
			buildSettings = {
				CODE_SIGN_IDENTITY = "Mac Developer";
				GCC_C_LANGUAGE_STANDARD = c11;
				GCC_OPTIMIZATION_LEVEL = 3;
				MACOSX_DEPLOYMENT_TARGET = 10.12;
				OTHER_CFLAGS = "-Wall";
				PRODUCT_NAME = "$(TARGET_NAME)";
				PROVISIONING_PROFILE_SPECIFIER = "";
				SDKROOT = macosx;
			};
			name = Debug;
		};
		156C6B431D1F4DF600D00711 /* Release */ = {
			isa = XCBuildConfiguration;
			buildSettings = {
				CODE_SIGN_IDENTITY = "Mac Developer";
				GCC_C_LANGUAGE_STANDARD = c11;
				GCC_OPTIMIZATION_LEVEL = 3;
				MACOSX_DEPLOYMENT_TARGET = 10.12;
				OTHER_CFLAGS = "-Wall";
				PRODUCT_NAME = "$(TARGET_NAME)";
				SDKROOT = macosx;
			};
			name = Release;
		};
/* End XCBuildConfiguration section */

/* Begin XCConfigurationList section */
		156C6B351D1F4DF600D00711 /* Build configuration list for PBXProject "C-X_NEW" */ = {
			isa = XCConfigurationList;
			buildConfigurations = (
				156C6B3F1D1F4DF600D00711 /* Debug */,
				156C6B401D1F4DF600D00711 /* Release */,
			);
			defaultConfigurationIsVisible = 0;
			defaultConfigurationName = Release;
		};
		156C6B411D1F4DF600D00711 /* Build configuration list for PBXNativeTarget "C-X_NEW" */ = {
			isa = XCConfigurationList;
			buildConfigurations = (
				156C6B421D1F4DF600D00711 /* Debug */,
				156C6B431D1F4DF600D00711 /* Release */,
			);
			defaultConfigurationIsVisible = 0;
			defaultConfigurationName = Release;
		};
/* End XCConfigurationList section */
	};
	rootObject = 156C6B321D1F4DF600D00711 /* Project object */;
}
